// !$*UTF8*$!
{
	archiveVersion = 1;
	classes = {
	};
	objectVersion = 50;
	objects = {

/* Begin PBXBuildFile section */
		36C4628A20D124BB00F7A4A2 /* main.cpp in Sources */ = {isa = PBXBuildFile; fileRef = 36C4628920D124BB00F7A4A2 /* main.cpp */; };
		36C4629220D12A5700F7A4A2 /* image_file_ops.cpp in Sources */ = {isa = PBXBuildFile; fileRef = 36C4629020D12A5700F7A4A2 /* image_file_ops.cpp */; };
		36C4629B20D133F000F7A4A2 /* basic_image_ops.cpp in Sources */ = {isa = PBXBuildFile; fileRef = 36C4629920D133F000F7A4A2 /* basic_image_ops.cpp */; };
/* End PBXBuildFile section */

/* Begin PBXCopyFilesBuildPhase section */
		36C4628420D124BB00F7A4A2 /* CopyFiles */ = {
			isa = PBXCopyFilesBuildPhase;
			buildActionMask = 2147483647;
			dstPath = /usr/share/man/man1/;
			dstSubfolderSpec = 0;
			files = (
			);
			runOnlyForDeploymentPostprocessing = 1;
		};
/* End PBXCopyFilesBuildPhase section */

/* Begin PBXFileReference section */
		36C4628620D124BB00F7A4A2 /* Image-Processing */ = {isa = PBXFileReference; explicitFileType = "compiled.mach-o.executable"; includeInIndex = 0; path = "Image-Processing"; sourceTree = BUILT_PRODUCTS_DIR; };
		36C4628920D124BB00F7A4A2 /* main.cpp */ = {isa = PBXFileReference; lastKnownFileType = sourcecode.cpp.cpp; path = main.cpp; sourceTree = "<group>"; };
		36C4629020D12A5700F7A4A2 /* image_file_ops.cpp */ = {isa = PBXFileReference; lastKnownFileType = sourcecode.cpp.cpp; path = image_file_ops.cpp; sourceTree = "<group>"; };
		36C4629120D12A5700F7A4A2 /* image_file_ops.hpp */ = {isa = PBXFileReference; lastKnownFileType = sourcecode.cpp.h; path = image_file_ops.hpp; sourceTree = "<group>"; };
		36C4629920D133F000F7A4A2 /* basic_image_ops.cpp */ = {isa = PBXFileReference; lastKnownFileType = sourcecode.cpp.cpp; path = basic_image_ops.cpp; sourceTree = "<group>"; };
		36C4629A20D133F000F7A4A2 /* basic_image_ops.hpp */ = {isa = PBXFileReference; lastKnownFileType = sourcecode.cpp.h; path = basic_image_ops.hpp; sourceTree = "<group>"; };
/* End PBXFileReference section */

/* Begin PBXFrameworksBuildPhase section */
		36C4628320D124BB00F7A4A2 /* Frameworks */ = {
			isa = PBXFrameworksBuildPhase;
			buildActionMask = 2147483647;
			files = (
			);
			runOnlyForDeploymentPostprocessing = 0;
		};
/* End PBXFrameworksBuildPhase section */

/* Begin PBXGroup section */
		36C4627D20D124BB00F7A4A2 = {
			isa = PBXGroup;
			children = (
				36C4628820D124BB00F7A4A2 /* Image-Processing */,
				36C4628720D124BB00F7A4A2 /* Products */,
			);
			sourceTree = "<group>";
		};
		36C4628720D124BB00F7A4A2 /* Products */ = {
			isa = PBXGroup;
			children = (
				36C4628620D124BB00F7A4A2 /* Image-Processing */,
			);
			name = Products;
			sourceTree = "<group>";
		};
		36C4628820D124BB00F7A4A2 /* Image-Processing */ = {
			isa = PBXGroup;
			children = (
				36C4628920D124BB00F7A4A2 /* main.cpp */,
				36C4629020D12A5700F7A4A2 /* image_file_ops.cpp */,
				36C4629120D12A5700F7A4A2 /* image_file_ops.hpp */,
				36C4629920D133F000F7A4A2 /* basic_image_ops.cpp */,
				36C4629A20D133F000F7A4A2 /* basic_image_ops.hpp */,
			);
			path = "Image-Processing";
			sourceTree = "<group>";
		};
/* End PBXGroup section */

/* Begin PBXNativeTarget section */
		36C4628520D124BB00F7A4A2 /* Image-Processing */ = {
			isa = PBXNativeTarget;
			buildConfigurationList = 36C4628D20D124BB00F7A4A2 /* Build configuration list for PBXNativeTarget "Image-Processing" */;
			buildPhases = (
				36C4628220D124BB00F7A4A2 /* Sources */,
				36C4628320D124BB00F7A4A2 /* Frameworks */,
				36C4628420D124BB00F7A4A2 /* CopyFiles */,
			);
			buildRules = (
			);
			dependencies = (
			);
			name = "Image-Processing";
			productName = "Image-Processing";
			productReference = 36C4628620D124BB00F7A4A2 /* Image-Processing */;
			productType = "com.apple.product-type.tool";
		};
/* End PBXNativeTarget section */

/* Begin PBXProject section */
		36C4627E20D124BB00F7A4A2 /* Project object */ = {
			isa = PBXProject;
			attributes = {
				LastUpgradeCheck = 0940;
				TargetAttributes = {
					36C4628520D124BB00F7A4A2 = {
						CreatedOnToolsVersion = 9.4;
					};
				};
			};
			buildConfigurationList = 36C4628120D124BB00F7A4A2 /* Build configuration list for PBXProject "Image-Processing" */;
			compatibilityVersion = "Xcode 9.3";
			developmentRegion = en;
			hasScannedForEncodings = 0;
			knownRegions = (
				en,
			);
			mainGroup = 36C4627D20D124BB00F7A4A2;
			productRefGroup = 36C4628720D124BB00F7A4A2 /* Products */;
			projectDirPath = "";
			projectRoot = "";
			targets = (
				36C4628520D124BB00F7A4A2 /* Image-Processing */,
			);
		};
/* End PBXProject section */

/* Begin PBXSourcesBuildPhase section */
		36C4628220D124BB00F7A4A2 /* Sources */ = {
			isa = PBXSourcesBuildPhase;
			buildActionMask = 2147483647;
			files = (
				36C4629220D12A5700F7A4A2 /* image_file_ops.cpp in Sources */,
				36C4629B20D133F000F7A4A2 /* basic_image_ops.cpp in Sources */,
				36C4628A20D124BB00F7A4A2 /* main.cpp in Sources */,
			);
			runOnlyForDeploymentPostprocessing = 0;
		};
/* End PBXSourcesBuildPhase section */

/* Begin XCBuildConfiguration section */
		36C4628B20D124BB00F7A4A2 /* Debug */ = {
			isa = XCBuildConfiguration;
			buildSettings = {
				ALWAYS_SEARCH_USER_PATHS = NO;
				CLANG_ANALYZER_NONNULL = YES;
				CLANG_ANALYZER_NUMBER_OBJECT_CONVERSION = YES_AGGRESSIVE;
				CLANG_CXX_LANGUAGE_STANDARD = "gnu++14";
				CLANG_CXX_LIBRARY = "libc++";
				CLANG_ENABLE_MODULES = YES;
				CLANG_ENABLE_OBJC_ARC = YES;
				CLANG_ENABLE_OBJC_WEAK = YES;
				CLANG_WARN_BLOCK_CAPTURE_AUTORELEASING = YES;
				CLANG_WARN_BOOL_CONVERSION = YES;
				CLANG_WARN_COMMA = YES;
				CLANG_WARN_CONSTANT_CONVERSION = YES;
				CLANG_WARN_DEPRECATED_OBJC_IMPLEMENTATIONS = YES;
				CLANG_WARN_DIRECT_OBJC_ISA_USAGE = YES_ERROR;
				CLANG_WARN_DOCUMENTATION_COMMENTS = YES;
				CLANG_WARN_EMPTY_BODY = YES;
				CLANG_WARN_ENUM_CONVERSION = YES;
				CLANG_WARN_INFINITE_RECURSION = YES;
				CLANG_WARN_INT_CONVERSION = YES;
				CLANG_WARN_NON_LITERAL_NULL_CONVERSION = YES;
				CLANG_WARN_OBJC_IMPLICIT_RETAIN_SELF = YES;
				CLANG_WARN_OBJC_LITERAL_CONVERSION = YES;
				CLANG_WARN_OBJC_ROOT_CLASS = YES_ERROR;
				CLANG_WARN_RANGE_LOOP_ANALYSIS = YES;
				CLANG_WARN_STRICT_PROTOTYPES = YES;
				CLANG_WARN_SUSPICIOUS_MOVE = YES;
				CLANG_WARN_UNGUARDED_AVAILABILITY = YES_AGGRESSIVE;
				CLANG_WARN_UNREACHABLE_CODE = YES;
				CLANG_WARN__DUPLICATE_METHOD_MATCH = YES;
				CODE_SIGN_IDENTITY = "-";
				COPY_PHASE_STRIP = NO;
				DEBUG_INFORMATION_FORMAT = dwarf;
				ENABLE_STRICT_OBJC_MSGSEND = YES;
				ENABLE_TESTABILITY = YES;
				GCC_C_LANGUAGE_STANDARD = gnu11;
				GCC_DYNAMIC_NO_PIC = NO;
				GCC_NO_COMMON_BLOCKS = YES;
				GCC_OPTIMIZATION_LEVEL = 0;
				GCC_PREPROCESSOR_DEFINITIONS = (
					"DEBUG=1",
					"$(inherited)",
				);
				GCC_WARN_64_TO_32_BIT_CONVERSION = YES;
				GCC_WARN_ABOUT_RETURN_TYPE = YES_ERROR;
				GCC_WARN_UNDECLARED_SELECTOR = YES;
				GCC_WARN_UNINITIALIZED_AUTOS = YES_AGGRESSIVE;
				GCC_WARN_UNUSED_FUNCTION = YES;
				GCC_WARN_UNUSED_VARIABLE = YES;
				MACOSX_DEPLOYMENT_TARGET = 10.13;
				MTL_ENABLE_DEBUG_INFO = YES;
				ONLY_ACTIVE_ARCH = YES;
				SDKROOT = macosx;
			};
			name = Debug;
		};
		36C4628C20D124BB00F7A4A2 /* Release */ = {
			isa = XCBuildConfiguration;
			buildSettings = {
				ALWAYS_SEARCH_USER_PATHS = NO;
				CLANG_ANALYZER_NONNULL = YES;
				CLANG_ANALYZER_NUMBER_OBJECT_CONVERSION = YES_AGGRESSIVE;
				CLANG_CXX_LANGUAGE_STANDARD = "gnu++14";
				CLANG_CXX_LIBRARY = "libc++";
				CLANG_ENABLE_MODULES = YES;
				CLANG_ENABLE_OBJC_ARC = YES;
				CLANG_ENABLE_OBJC_WEAK = YES;
				CLANG_WARN_BLOCK_CAPTURE_AUTORELEASING = YES;
				CLANG_WARN_BOOL_CONVERSION = YES;
				CLANG_WARN_COMMA = YES;
				CLANG_WARN_CONSTANT_CONVERSION = YES;
				CLANG_WARN_DEPRECATED_OBJC_IMPLEMENTATIONS = YES;
				CLANG_WARN_DIRECT_OBJC_ISA_USAGE = YES_ERROR;
				CLANG_WARN_DOCUMENTATION_COMMENTS = YES;
				CLANG_WARN_EMPTY_BODY = YES;
				CLANG_WARN_ENUM_CONVERSION = YES;
				CLANG_WARN_INFINITE_RECURSION = YES;
				CLANG_WARN_INT_CONVERSION = YES;
				CLANG_WARN_NON_LITERAL_NULL_CONVERSION = YES;
				CLANG_WARN_OBJC_IMPLICIT_RETAIN_SELF = YES;
				CLANG_WARN_OBJC_LITERAL_CONVERSION = YES;
				CLANG_WARN_OBJC_ROOT_CLASS = YES_ERROR;
				CLANG_WARN_RANGE_LOOP_ANALYSIS = YES;
				CLANG_WARN_STRICT_PROTOTYPES = YES;
				CLANG_WARN_SUSPICIOUS_MOVE = YES;
				CLANG_WARN_UNGUARDED_AVAILABILITY = YES_AGGRESSIVE;
				CLANG_WARN_UNREACHABLE_CODE = YES;
				CLANG_WARN__DUPLICATE_METHOD_MATCH = YES;
				CODE_SIGN_IDENTITY = "-";
				COPY_PHASE_STRIP = NO;
				DEBUG_INFORMATION_FORMAT = "dwarf-with-dsym";
				ENABLE_NS_ASSERTIONS = NO;
				ENABLE_STRICT_OBJC_MSGSEND = YES;
				GCC_C_LANGUAGE_STANDARD = gnu11;
				GCC_NO_COMMON_BLOCKS = YES;
				GCC_WARN_64_TO_32_BIT_CONVERSION = YES;
				GCC_WARN_ABOUT_RETURN_TYPE = YES_ERROR;
				GCC_WARN_UNDECLARED_SELECTOR = YES;
				GCC_WARN_UNINITIALIZED_AUTOS = YES_AGGRESSIVE;
				GCC_WARN_UNUSED_FUNCTION = YES;
				GCC_WARN_UNUSED_VARIABLE = YES;
				MACOSX_DEPLOYMENT_TARGET = 10.13;
				MTL_ENABLE_DEBUG_INFO = NO;
				SDKROOT = macosx;
			};
			name = Release;
		};
		36C4628E20D124BB00F7A4A2 /* Debug */ = {
			isa = XCBuildConfiguration;
			buildSettings = {
				CODE_SIGN_STYLE = Automatic;
				PRODUCT_NAME = "$(TARGET_NAME)";
			};
			name = Debug;
		};
		36C4628F20D124BB00F7A4A2 /* Release */ = {
			isa = XCBuildConfiguration;
			buildSettings = {
				CODE_SIGN_STYLE = Automatic;
				PRODUCT_NAME = "$(TARGET_NAME)";
			};
			name = Release;
		};
/* End XCBuildConfiguration section */

/* Begin XCConfigurationList section */
		36C4628120D124BB00F7A4A2 /* Build configuration list for PBXProject "Image-Processing" */ = {
			isa = XCConfigurationList;
			buildConfigurations = (
				36C4628B20D124BB00F7A4A2 /* Debug */,
				36C4628C20D124BB00F7A4A2 /* Release */,
			);
			defaultConfigurationIsVisible = 0;
			defaultConfigurationName = Release;
		};
		36C4628D20D124BB00F7A4A2 /* Build configuration list for PBXNativeTarget "Image-Processing" */ = {
			isa = XCConfigurationList;
			buildConfigurations = (
				36C4628E20D124BB00F7A4A2 /* Debug */,
				36C4628F20D124BB00F7A4A2 /* Release */,
			);
			defaultConfigurationIsVisible = 0;
			defaultConfigurationName = Release;
		};
/* End XCConfigurationList section */
	};
	rootObject = 36C4627E20D124BB00F7A4A2 /* Project object */;
}
